{
  "name": "emu",
  "lockfileVersion": 3,
  "requires": true,
  "packages": {
    "": {
      "dependencies": {
        "@xterm/addon-clipboard": "^0.2.0",
        "@xterm/addon-image": "^0.9.0",
        "@xterm/addon-serialize": "^0.14.0",
        "@xterm/xterm": "^6.0.0"
      }
    },
    "node_modules/@xterm/addon-clipboard": {
      "version": "0.2.0",
      "resolved": "https://registry.npmjs.org/@xterm/addon-clipboard/-/addon-clipboard-0.2.0.tgz",
      "integrity": "sha512-Dl31BCtBhLaUEECUbEiVcCLvLBbaeGYdT7NofB8OJkGTD3MWgBsaLjXvfGAD4tQNHhm6mbKyYkR7XD8kiZsdNg==",
      "license": "MIT",
      "dependencies": {
        "js-base64": "^3.7.5"
      }
    },
    "node_modules/@xterm/addon-image": {
      "version": "0.9.0",
      "resolved": "https://registry.npmjs.org/@xterm/addon-image/-/addon-image-0.9.0.tgz",
      "integrity": "sha512-oYWA8/QAr5/Emwl1xL7WCoOqeG3IZfpzEz/OVq1j4Oi9934TQmHiyubClikRf0D/jL3JNiNuz/Lsqx0kXQ02BA==",
      "license": "MIT"
    },
    "node_modules/@xterm/addon-serialize": {
      "version": "0.14.0",
      "resolved": "https://registry.npmjs.org/@xterm/addon-serialize/-/addon-serialize-0.14.0.tgz",
      "integrity": "sha512-uteyTU1EkrQa2Ux6P/uFl2fzmXI46jy5uoQMKEOM0fKTyiW7cSn0WrFenHm5vO5uEXX/GpwW/FgILvv3r0WbkA==",
      "license": "MIT"
    },
    "node_modules/@xterm/xterm": {
      "version": "6.0.0",
      "resolved": "https://registry.npmjs.org/@xterm/xterm/-/xterm-6.0.0.tgz",
      "integrity": "sha512-TQwDdQGtwwDt+2cgKDLn0IRaSxYu1tSUjgKarSDkUM0ZNiSRXFpjxEsvc/Zgc5kq5omJ+V0a8/kIM2WD3sMOYg==",
      "license": "MIT",
      "workspaces": [
        "addons/*"
      ]
    },
    "node_modules/js-base64": {
      "version": "3.7.8",
      "resolved": "https://registry.npmjs.org/js-base64/-/js-base64-3.7.8.tgz",
      "integrity": "sha512-hNngCeKxIUQiEUN3GPJOkz4wF/YvdUdbNL9hsBcMQTkKzboD7T/q3OYOuuPZLUE6dBxSGpwhk5mwuDud7JVAow==",
      "license": "BSD-3-Clause"
    }
  }
}
